// !$*UTF8*$!
{
	archiveVersion = 1;
	classes = {
	};
	objectVersion = 56;
	objects = {

/* Begin PBXBuildFile section */
		CC3E03D22996B158005AD9EF /* AppDelegate.swift in Sources */ = {isa = PBXBuildFile; fileRef = CC3E03D12996B158005AD9EF /* AppDelegate.swift */; };
		CC3E03D42996B158005AD9EF /* SceneDelegate.swift in Sources */ = {isa = PBXBuildFile; fileRef = CC3E03D32996B158005AD9EF /* SceneDelegate.swift */; };
		CC3E03D62996B158005AD9EF /* ViewController.swift in Sources */ = {isa = PBXBuildFile; fileRef = CC3E03D52996B158005AD9EF /* ViewController.swift */; };
		CC3E03D92996B158005AD9EF /* Main.storyboard in Resources */ = {isa = PBXBuildFile; fileRef = CC3E03D72996B158005AD9EF /* Main.storyboard */; };
		CC3E03DB2996B159005AD9EF /* Assets.xcassets in Resources */ = {isa = PBXBuildFile; fileRef = CC3E03DA2996B159005AD9EF /* Assets.xcassets */; };
		CC3E03DE2996B159005AD9EF /* LaunchScreen.storyboard in Resources */ = {isa = PBXBuildFile; fileRef = CC3E03DC2996B159005AD9EF /* LaunchScreen.storyboard */; };
		CC3E03E62996B84F005AD9EF /* PokemonListViewController.swift in Sources */ = {isa = PBXBuildFile; fileRef = CC3E03E52996B84F005AD9EF /* PokemonListViewController.swift */; };
		CC3E03E82996B871005AD9EF /* FavoritePokemonViewController.swift in Sources */ = {isa = PBXBuildFile; fileRef = CC3E03E72996B871005AD9EF /* FavoritePokemonViewController.swift */; };
		CC3E03EB2996BCFD005AD9EF /* Alamofire in Frameworks */ = {isa = PBXBuildFile; productRef = CC3E03EA2996BCFD005AD9EF /* Alamofire */; };
/* End PBXBuildFile section */

/* Begin PBXFileReference section */
		CC3E03CE2996B158005AD9EF /* PokedexPokeAPI.app */ = {isa = PBXFileReference; explicitFileType = wrapper.application; includeInIndex = 0; path = PokedexPokeAPI.app; sourceTree = BUILT_PRODUCTS_DIR; };
		CC3E03D12996B158005AD9EF /* AppDelegate.swift */ = {isa = PBXFileReference; lastKnownFileType = sourcecode.swift; path = AppDelegate.swift; sourceTree = "<group>"; };
		CC3E03D32996B158005AD9EF /* SceneDelegate.swift */ = {isa = PBXFileReference; lastKnownFileType = sourcecode.swift; path = SceneDelegate.swift; sourceTree = "<group>"; };
		CC3E03D52996B158005AD9EF /* ViewController.swift */ = {isa = PBXFileReference; lastKnownFileType = sourcecode.swift; path = ViewController.swift; sourceTree = "<group>"; };
		CC3E03D82996B158005AD9EF /* Base */ = {isa = PBXFileReference; lastKnownFileType = file.storyboard; name = Base; path = Base.lproj/Main.storyboard; sourceTree = "<group>"; };
		CC3E03DA2996B159005AD9EF /* Assets.xcassets */ = {isa = PBXFileReference; lastKnownFileType = folder.assetcatalog; path = Assets.xcassets; sourceTree = "<group>"; };
		CC3E03DD2996B159005AD9EF /* Base */ = {isa = PBXFileReference; lastKnownFileType = file.storyboard; name = Base; path = Base.lproj/LaunchScreen.storyboard; sourceTree = "<group>"; };
		CC3E03DF2996B159005AD9EF /* Info.plist */ = {isa = PBXFileReference; lastKnownFileType = text.plist.xml; path = Info.plist; sourceTree = "<group>"; };
		CC3E03E52996B84F005AD9EF /* PokemonListViewController.swift */ = {isa = PBXFileReference; lastKnownFileType = sourcecode.swift; path = PokemonListViewController.swift; sourceTree = "<group>"; };
		CC3E03E72996B871005AD9EF /* FavoritePokemonViewController.swift */ = {isa = PBXFileReference; lastKnownFileType = sourcecode.swift; path = FavoritePokemonViewController.swift; sourceTree = "<group>"; };
/* End PBXFileReference section */

/* Begin PBXFrameworksBuildPhase section */
		CC3E03CB2996B158005AD9EF /* Frameworks */ = {
			isa = PBXFrameworksBuildPhase;
			buildActionMask = 2147483647;
			files = (
				CC3E03EB2996BCFD005AD9EF /* Alamofire in Frameworks */,
			);
			runOnlyForDeploymentPostprocessing = 0;
		};
/* End PBXFrameworksBuildPhase section */

/* Begin PBXGroup section */
		CC3E03C52996B158005AD9EF = {
			isa = PBXGroup;
			children = (
				CC3E03D02996B158005AD9EF /* PokedexPokeAPI */,
				CC3E03CF2996B158005AD9EF /* Products */,
			);
			sourceTree = "<group>";
		};
		CC3E03CF2996B158005AD9EF /* Products */ = {
			isa = PBXGroup;
			children = (
				CC3E03CE2996B158005AD9EF /* PokedexPokeAPI.app */,
			);
			name = Products;
			sourceTree = "<group>";
		};
		CC3E03D02996B158005AD9EF /* PokedexPokeAPI */ = {
			isa = PBXGroup;
			children = (
				CC3E03D12996B158005AD9EF /* AppDelegate.swift */,
				CC3E03D32996B158005AD9EF /* SceneDelegate.swift */,
				CC3E03D52996B158005AD9EF /* ViewController.swift */,
				CC3E03E52996B84F005AD9EF /* PokemonListViewController.swift */,
				CC3E03E72996B871005AD9EF /* FavoritePokemonViewController.swift */,
				CC3E03D72996B158005AD9EF /* Main.storyboard */,
				CC3E03DA2996B159005AD9EF /* Assets.xcassets */,
				CC3E03DC2996B159005AD9EF /* LaunchScreen.storyboard */,
				CC3E03DF2996B159005AD9EF /* Info.plist */,
			);
			path = PokedexPokeAPI;
			sourceTree = "<group>";
		};
/* End PBXGroup section */

/* Begin PBXNativeTarget section */
		CC3E03CD2996B158005AD9EF /* PokedexPokeAPI */ = {
			isa = PBXNativeTarget;
			buildConfigurationList = CC3E03E22996B159005AD9EF /* Build configuration list for PBXNativeTarget "PokedexPokeAPI" */;
			buildPhases = (
				CC3E03CA2996B158005AD9EF /* Sources */,
				CC3E03CB2996B158005AD9EF /* Frameworks */,
				CC3E03CC2996B158005AD9EF /* Resources */,
			);
			buildRules = (
			);
			dependencies = (
			);
			name = PokedexPokeAPI;
			packageProductDependencies = (
				CC3E03EA2996BCFD005AD9EF /* Alamofire */,
			);
			productName = PokedexPokeAPI;
			productReference = CC3E03CE2996B158005AD9EF /* PokedexPokeAPI.app */;
			productType = "com.apple.product-type.application";
		};
/* End PBXNativeTarget section */

/* Begin PBXProject section */
		CC3E03C62996B158005AD9EF /* Project object */ = {
			isa = PBXProject;
			attributes = {
				BuildIndependentTargetsInParallel = 1;
				LastSwiftUpdateCheck = 1420;
				LastUpgradeCheck = 1420;
				TargetAttributes = {
					CC3E03CD2996B158005AD9EF = {
						CreatedOnToolsVersion = 14.2;
					};
				};
			};
			buildConfigurationList = CC3E03C92996B158005AD9EF /* Build configuration list for PBXProject "PokedexPokeAPI" */;
			compatibilityVersion = "Xcode 14.0";
			developmentRegion = en;
			hasScannedForEncodings = 0;
			knownRegions = (
				en,
				Base,
			);
			mainGroup = CC3E03C52996B158005AD9EF;
			packageReferences = (
				CC3E03E92996BCFD005AD9EF /* XCRemoteSwiftPackageReference "Alamofire" */,
			);
			productRefGroup = CC3E03CF2996B158005AD9EF /* Products */;
			projectDirPath = "";
			projectRoot = "";
			targets = (
				CC3E03CD2996B158005AD9EF /* PokedexPokeAPI */,
			);
		};
/* End PBXProject section */

/* Begin PBXResourcesBuildPhase section */
		CC3E03CC2996B158005AD9EF /* Resources */ = {
			isa = PBXResourcesBuildPhase;
			buildActionMask = 2147483647;
			files = (
				CC3E03DE2996B159005AD9EF /* LaunchScreen.storyboard in Resources */,
				CC3E03DB2996B159005AD9EF /* Assets.xcassets in Resources */,
				CC3E03D92996B158005AD9EF /* Main.storyboard in Resources */,
			);
			runOnlyForDeploymentPostprocessing = 0;
		};
/* End PBXResourcesBuildPhase section */

/* Begin PBXSourcesBuildPhase section */
		CC3E03CA2996B158005AD9EF /* Sources */ = {
			isa = PBXSourcesBuildPhase;
			buildActionMask = 2147483647;
			files = (
				CC3E03D62996B158005AD9EF /* ViewController.swift in Sources */,
				CC3E03D22996B158005AD9EF /* AppDelegate.swift in Sources */,
				CC3E03E62996B84F005AD9EF /* PokemonListViewController.swift in Sources */,
				CC3E03D42996B158005AD9EF /* SceneDelegate.swift in Sources */,
				CC3E03E82996B871005AD9EF /* FavoritePokemonViewController.swift in Sources */,
			);
			runOnlyForDeploymentPostprocessing = 0;
		};
/* End PBXSourcesBuildPhase section */

/* Begin PBXVariantGroup section */
		CC3E03D72996B158005AD9EF /* Main.storyboard */ = {
			isa = PBXVariantGroup;
			children = (
				CC3E03D82996B158005AD9EF /* Base */,
			);
			name = Main.storyboard;
			sourceTree = "<group>";
		};
		CC3E03DC2996B159005AD9EF /* LaunchScreen.storyboard */ = {
			isa = PBXVariantGroup;
			children = (
				CC3E03DD2996B159005AD9EF /* Base */,
			);
			name = LaunchScreen.storyboard;
			sourceTree = "<group>";
		};
/* End PBXVariantGroup section */

/* Begin XCBuildConfiguration section */
		CC3E03E02996B159005AD9EF /* Debug */ = {
			isa = XCBuildConfiguration;
			buildSettings = {
				ALWAYS_SEARCH_USER_PATHS = NO;
				CLANG_ANALYZER_NONNULL = YES;
				CLANG_ANALYZER_NUMBER_OBJECT_CONVERSION = YES_AGGRESSIVE;
				CLANG_CXX_LANGUAGE_STANDARD = "gnu++20";
				CLANG_ENABLE_MODULES = YES;
				CLANG_ENABLE_OBJC_ARC = YES;
				CLANG_ENABLE_OBJC_WEAK = YES;
				CLANG_WARN_BLOCK_CAPTURE_AUTORELEASING = YES;
				CLANG_WARN_BOOL_CONVERSION = YES;
				CLANG_WARN_COMMA = YES;
				CLANG_WARN_CONSTANT_CONVERSION = YES;
				CLANG_WARN_DEPRECATED_OBJC_IMPLEMENTATIONS = YES;
				CLANG_WARN_DIRECT_OBJC_ISA_USAGE = YES_ERROR;
				CLANG_WARN_DOCUMENTATION_COMMENTS = YES;
				CLANG_WARN_EMPTY_BODY = YES;
				CLANG_WARN_ENUM_CONVERSION = YES;
				CLANG_WARN_INFINITE_RECURSION = YES;
				CLANG_WARN_INT_CONVERSION = YES;
				CLANG_WARN_NON_LITERAL_NULL_CONVERSION = YES;
				CLANG_WARN_OBJC_IMPLICIT_RETAIN_SELF = YES;
				CLANG_WARN_OBJC_LITERAL_CONVERSION = YES;
				CLANG_WARN_OBJC_ROOT_CLASS = YES_ERROR;
				CLANG_WARN_QUOTED_INCLUDE_IN_FRAMEWORK_HEADER = YES;
				CLANG_WARN_RANGE_LOOP_ANALYSIS = YES;
				CLANG_WARN_STRICT_PROTOTYPES = YES;
				CLANG_WARN_SUSPICIOUS_MOVE = YES;
				CLANG_WARN_UNGUARDED_AVAILABILITY = YES_AGGRESSIVE;
				CLANG_WARN_UNREACHABLE_CODE = YES;
				CLANG_WARN__DUPLICATE_METHOD_MATCH = YES;
				COPY_PHASE_STRIP = NO;
				DEBUG_INFORMATION_FORMAT = dwarf;
				ENABLE_STRICT_OBJC_MSGSEND = YES;
				ENABLE_TESTABILITY = YES;
				GCC_C_LANGUAGE_STANDARD = gnu11;
				GCC_DYNAMIC_NO_PIC = NO;
				GCC_NO_COMMON_BLOCKS = YES;
				GCC_OPTIMIZATION_LEVEL = 0;
				GCC_PREPROCESSOR_DEFINITIONS = (
					"DEBUG=1",
					"$(inherited)",
				);
				GCC_WARN_64_TO_32_BIT_CONVERSION = YES;
				GCC_WARN_ABOUT_RETURN_TYPE = YES_ERROR;
				GCC_WARN_UNDECLARED_SELECTOR = YES;
				GCC_WARN_UNINITIALIZED_AUTOS = YES_AGGRESSIVE;
				GCC_WARN_UNUSED_FUNCTION = YES;
				GCC_WARN_UNUSED_VARIABLE = YES;
				IPHONEOS_DEPLOYMENT_TARGET = 16.2;
				MTL_ENABLE_DEBUG_INFO = INCLUDE_SOURCE;
				MTL_FAST_MATH = YES;
				ONLY_ACTIVE_ARCH = YES;
				SDKROOT = iphoneos;
				SWIFT_ACTIVE_COMPILATION_CONDITIONS = DEBUG;
				SWIFT_OPTIMIZATION_LEVEL = "-Onone";
			};
			name = Debug;
		};
		CC3E03E12996B159005AD9EF /* Release */ = {
			isa = XCBuildConfiguration;
			buildSettings = {
				ALWAYS_SEARCH_USER_PATHS = NO;
				CLANG_ANALYZER_NONNULL = YES;
				CLANG_ANALYZER_NUMBER_OBJECT_CONVERSION = YES_AGGRESSIVE;
				CLANG_CXX_LANGUAGE_STANDARD = "gnu++20";
				CLANG_ENABLE_MODULES = YES;
				CLANG_ENABLE_OBJC_ARC = YES;
				CLANG_ENABLE_OBJC_WEAK = YES;
				CLANG_WARN_BLOCK_CAPTURE_AUTORELEASING = YES;
				CLANG_WARN_BOOL_CONVERSION = YES;
				CLANG_WARN_COMMA = YES;
				CLANG_WARN_CONSTANT_CONVERSION = YES;
				CLANG_WARN_DEPRECATED_OBJC_IMPLEMENTATIONS = YES;
				CLANG_WARN_DIRECT_OBJC_ISA_USAGE = YES_ERROR;
				CLANG_WARN_DOCUMENTATION_COMMENTS = YES;
				CLANG_WARN_EMPTY_BODY = YES;
				CLANG_WARN_ENUM_CONVERSION = YES;
				CLANG_WARN_INFINITE_RECURSION = YES;
				CLANG_WARN_INT_CONVERSION = YES;
				CLANG_WARN_NON_LITERAL_NULL_CONVERSION = YES;
				CLANG_WARN_OBJC_IMPLICIT_RETAIN_SELF = YES;
				CLANG_WARN_OBJC_LITERAL_CONVERSION = YES;
				CLANG_WARN_OBJC_ROOT_CLASS = YES_ERROR;
				CLANG_WARN_QUOTED_INCLUDE_IN_FRAMEWORK_HEADER = YES;
				CLANG_WARN_RANGE_LOOP_ANALYSIS = YES;
				CLANG_WARN_STRICT_PROTOTYPES = YES;
				CLANG_WARN_SUSPICIOUS_MOVE = YES;
				CLANG_WARN_UNGUARDED_AVAILABILITY = YES_AGGRESSIVE;
				CLANG_WARN_UNREACHABLE_CODE = YES;
				CLANG_WARN__DUPLICATE_METHOD_MATCH = YES;
				COPY_PHASE_STRIP = NO;
				DEBUG_INFORMATION_FORMAT = "dwarf-with-dsym";
				ENABLE_NS_ASSERTIONS = NO;
				ENABLE_STRICT_OBJC_MSGSEND = YES;
				GCC_C_LANGUAGE_STANDARD = gnu11;
				GCC_NO_COMMON_BLOCKS = YES;
				GCC_WARN_64_TO_32_BIT_CONVERSION = YES;
				GCC_WARN_ABOUT_RETURN_TYPE = YES_ERROR;
				GCC_WARN_UNDECLARED_SELECTOR = YES;
				GCC_WARN_UNINITIALIZED_AUTOS = YES_AGGRESSIVE;
				GCC_WARN_UNUSED_FUNCTION = YES;
				GCC_WARN_UNUSED_VARIABLE = YES;
				IPHONEOS_DEPLOYMENT_TARGET = 16.2;
				MTL_ENABLE_DEBUG_INFO = NO;
				MTL_FAST_MATH = YES;
				SDKROOT = iphoneos;
				SWIFT_COMPILATION_MODE = wholemodule;
				SWIFT_OPTIMIZATION_LEVEL = "-O";
				VALIDATE_PRODUCT = YES;
			};
			name = Release;
		};
		CC3E03E32996B159005AD9EF /* Debug */ = {
			isa = XCBuildConfiguration;
			buildSettings = {
				ASSETCATALOG_COMPILER_APPICON_NAME = AppIcon;
				ASSETCATALOG_COMPILER_GLOBAL_ACCENT_COLOR_NAME = AccentColor;
				CODE_SIGN_STYLE = Automatic;
				CURRENT_PROJECT_VERSION = 1;
				DEVELOPMENT_TEAM = PGQ27XQ5YU;
				GENERATE_INFOPLIST_FILE = YES;
				INFOPLIST_FILE = PokedexPokeAPI/Info.plist;
				INFOPLIST_KEY_UIApplicationSupportsIndirectInputEvents = YES;
				INFOPLIST_KEY_UILaunchStoryboardName = LaunchScreen;
				INFOPLIST_KEY_UIMainStoryboardFile = Main;
				INFOPLIST_KEY_UISupportedInterfaceOrientations_iPad = "UIInterfaceOrientationPortrait UIInterfaceOrientationPortraitUpsideDown UIInterfaceOrientationLandscapeLeft UIInterfaceOrientationLandscapeRight";
				INFOPLIST_KEY_UISupportedInterfaceOrientations_iPhone = "UIInterfaceOrientationPortrait UIInterfaceOrientationLandscapeLeft UIInterfaceOrientationLandscapeRight";
				LD_RUNPATH_SEARCH_PATHS = (
					"$(inherited)",
					"@executable_path/Frameworks",
				);
				MARKETING_VERSION = 1.0;
				PRODUCT_BUNDLE_IDENTIFIER = com.softbayx.PokedexPokeAPI;
				PRODUCT_NAME = "$(TARGET_NAME)";
				SWIFT_EMIT_LOC_STRINGS = YES;
				SWIFT_VERSION = 5.0;
				TARGETED_DEVICE_FAMILY = "1,2";
			};
			name = Debug;
		};
		CC3E03E42996B159005AD9EF /* Release */ = {
			isa = XCBuildConfiguration;
			buildSettings = {
				ASSETCATALOG_COMPILER_APPICON_NAME = AppIcon;
				ASSETCATALOG_COMPILER_GLOBAL_ACCENT_COLOR_NAME = AccentColor;
				CODE_SIGN_STYLE = Automatic;
				CURRENT_PROJECT_VERSION = 1;
				DEVELOPMENT_TEAM = PGQ27XQ5YU;
				GENERATE_INFOPLIST_FILE = YES;
				INFOPLIST_FILE = PokedexPokeAPI/Info.plist;
				INFOPLIST_KEY_UIApplicationSupportsIndirectInputEvents = YES;
				INFOPLIST_KEY_UILaunchStoryboardName = LaunchScreen;
				INFOPLIST_KEY_UIMainStoryboardFile = Main;
				INFOPLIST_KEY_UISupportedInterfaceOrientations_iPad = "UIInterfaceOrientationPortrait UIInterfaceOrientationPortraitUpsideDown UIInterfaceOrientationLandscapeLeft UIInterfaceOrientationLandscapeRight";
				INFOPLIST_KEY_UISupportedInterfaceOrientations_iPhone = "UIInterfaceOrientationPortrait UIInterfaceOrientationLandscapeLeft UIInterfaceOrientationLandscapeRight";
				LD_RUNPATH_SEARCH_PATHS = (
					"$(inherited)",
					"@executable_path/Frameworks",
				);
				MARKETING_VERSION = 1.0;
				PRODUCT_BUNDLE_IDENTIFIER = com.softbayx.PokedexPokeAPI;
				PRODUCT_NAME = "$(TARGET_NAME)";
				SWIFT_EMIT_LOC_STRINGS = YES;
				SWIFT_VERSION = 5.0;
				TARGETED_DEVICE_FAMILY = "1,2";
			};
			name = Release;
		};
/* End XCBuildConfiguration section */

/* Begin XCConfigurationList section */
		CC3E03C92996B158005AD9EF /* Build configuration list for PBXProject "PokedexPokeAPI" */ = {
			isa = XCConfigurationList;
			buildConfigurations = (
				CC3E03E02996B159005AD9EF /* Debug */,
				CC3E03E12996B159005AD9EF /* Release */,
			);
			defaultConfigurationIsVisible = 0;
			defaultConfigurationName = Release;
		};
		CC3E03E22996B159005AD9EF /* Build configuration list for PBXNativeTarget "PokedexPokeAPI" */ = {
			isa = XCConfigurationList;
			buildConfigurations = (
				CC3E03E32996B159005AD9EF /* Debug */,
				CC3E03E42996B159005AD9EF /* Release */,
			);
			defaultConfigurationIsVisible = 0;
			defaultConfigurationName = Release;
		};
/* End XCConfigurationList section */

/* Begin XCRemoteSwiftPackageReference section */
		CC3E03E92996BCFD005AD9EF /* XCRemoteSwiftPackageReference "Alamofire" */ = {
			isa = XCRemoteSwiftPackageReference;
			repositoryURL = "https://github.com/Alamofire/Alamofire.git";
			requirement = {
				branch = master;
				kind = branch;
			};
		};
/* End XCRemoteSwiftPackageReference section */

/* Begin XCSwiftPackageProductDependency section */
		CC3E03EA2996BCFD005AD9EF /* Alamofire */ = {
			isa = XCSwiftPackageProductDependency;
			package = CC3E03E92996BCFD005AD9EF /* XCRemoteSwiftPackageReference "Alamofire" */;
			productName = Alamofire;
		};
/* End XCSwiftPackageProductDependency section */
	};
	rootObject = CC3E03C62996B158005AD9EF /* Project object */;
}
